
Microsoft Visual Studio Solution File, Format Version 12.00
# Visual Studio 15
VisualStudioVersion = 15.0.27428.2037
MinimumVisualStudioVersion = 10.0.40219.1
Project("{FAE04EC0-301F-11D3-BF4B-00C04F79EFBC}") = "01.Generic_Box_of_String", "01.Generic_Box_of_String\01.Generic_Box_of_String.csproj", "{C5022862-5618-49B1-87B6-5C62257A9E19}"
EndProject
Project("{FAE04EC0-301F-11D3-BF4B-00C04F79EFBC}") = "02.Generic_Box_of_Integer", "02.Generic_Box_of_Integer\02.Generic_Box_of_Integer.csproj", "{C197455E-54B1-482C-AFFB-C34D93C1D5A3}"
EndProject
Project("{FAE04EC0-301F-11D3-BF4B-00C04F79EFBC}") = "03.Generic_Swap_Method_String", "03.Generic_Swap_Method_String\03.Generic_Swap_Method_String.csproj", "{621CB055-98E8-44DA-B945-1CFA675B9C5B}"
EndProject
Project("{FAE04EC0-301F-11D3-BF4B-00C04F79EFBC}") = "04.Generic_Swap_Method_Integer", "04.Generic_Swap_Method_Integer\04.Generic_Swap_Method_Integer.csproj", "{1AED7BDD-323B-4AC9-A421-E8DB273197AD}"
EndProject
Project("{FAE04EC0-301F-11D3-BF4B-00C04F79EFBC}") = "05.Generic_Count_Method_String", "05.Generic_Count_Method_String\05.Generic_Count_Method_String.csproj", "{EF8CC7E0-D4E7-47A3-9482-61FC829BF984}"
EndProject
Project("{FAE04EC0-301F-11D3-BF4B-00C04F79EFBC}") = "06.Generic_Count_Method_Double", "06.Generic_Count_Method_Double\06.Generic_Count_Method_Double.csproj", "{39071DB7-E15A-4A38-862A-B3E33B1A048F}"
EndProject
Project("{FAE04EC0-301F-11D3-BF4B-00C04F79EFBC}") = "07.Custom_List", "07.Custom_List\07.Custom_List.csproj", "{FD384810-9313-40BB-AEB2-A8372262B142}"
EndProject
Project("{FAE04EC0-301F-11D3-BF4B-00C04F79EFBC}") = "08.Custom_List_Sorter", "08.Custom_List_Sorter\08.Custom_List_Sorter.csproj", "{452B2D36-B2E5-41AC-AC37-E0B8682E0404}"
EndProject
Project("{FAE04EC0-301F-11D3-BF4B-00C04F79EFBC}") = "09.Custom_List_Iterator", "09.Custom_List_Iterator\09.Custom_List_Iterator.csproj", "{38064220-6D5B-448C-83FB-C6F4ACA2C069}"
EndProject
Project("{FAE04EC0-301F-11D3-BF4B-00C04F79EFBC}") = "10.Tuple", "10.Tuple\10.Tuple.csproj", "{51B8D0DB-B39E-4D32-9D60-34EB535D5FE9}"
EndProject
Project("{FAE04EC0-301F-11D3-BF4B-00C04F79EFBC}") = "11.Threeuple", "11.Threeuple\11.Threeuple.csproj", "{EA8F27E9-7303-4A82-B45B-E631CD797F73}"
EndProject
Global
	GlobalSection(SolutionConfigurationPlatforms) = preSolution
		Debug|Any CPU = Debug|Any CPU
		Release|Any CPU = Release|Any CPU
	EndGlobalSection
	GlobalSection(ProjectConfigurationPlatforms) = postSolution
		{C5022862-5618-49B1-87B6-5C62257A9E19}.Debug|Any CPU.ActiveCfg = Debug|Any CPU
		{C5022862-5618-49B1-87B6-5C62257A9E19}.Debug|Any CPU.Build.0 = Debug|Any CPU
		{C5022862-5618-49B1-87B6-5C62257A9E19}.Release|Any CPU.ActiveCfg = Release|Any CPU
		{C5022862-5618-49B1-87B6-5C62257A9E19}.Release|Any CPU.Build.0 = Release|Any CPU
		{C197455E-54B1-482C-AFFB-C34D93C1D5A3}.Debug|Any CPU.ActiveCfg = Debug|Any CPU
		{C197455E-54B1-482C-AFFB-C34D93C1D5A3}.Debug|Any CPU.Build.0 = Debug|Any CPU
		{C197455E-54B1-482C-AFFB-C34D93C1D5A3}.Release|Any CPU.ActiveCfg = Release|Any CPU
		{C197455E-54B1-482C-AFFB-C34D93C1D5A3}.Release|Any CPU.Build.0 = Release|Any CPU
		{621CB055-98E8-44DA-B945-1CFA675B9C5B}.Debug|Any CPU.ActiveCfg = Debug|Any CPU
		{621CB055-98E8-44DA-B945-1CFA675B9C5B}.Debug|Any CPU.Build.0 = Debug|Any CPU
		{621CB055-98E8-44DA-B945-1CFA675B9C5B}.Release|Any CPU.ActiveCfg = Release|Any CPU
		{621CB055-98E8-44DA-B945-1CFA675B9C5B}.Release|Any CPU.Build.0 = Release|Any CPU
		{1AED7BDD-323B-4AC9-A421-E8DB273197AD}.Debug|Any CPU.ActiveCfg = Debug|Any CPU
		{1AED7BDD-323B-4AC9-A421-E8DB273197AD}.Debug|Any CPU.Build.0 = Debug|Any CPU
		{1AED7BDD-323B-4AC9-A421-E8DB273197AD}.Release|Any CPU.ActiveCfg = Release|Any CPU
		{1AED7BDD-323B-4AC9-A421-E8DB273197AD}.Release|Any CPU.Build.0 = Release|Any CPU
		{EF8CC7E0-D4E7-47A3-9482-61FC829BF984}.Debug|Any CPU.ActiveCfg = Debug|Any CPU
		{EF8CC7E0-D4E7-47A3-9482-61FC829BF984}.Debug|Any CPU.Build.0 = Debug|Any CPU
		{EF8CC7E0-D4E7-47A3-9482-61FC829BF984}.Release|Any CPU.ActiveCfg = Release|Any CPU
		{EF8CC7E0-D4E7-47A3-9482-61FC829BF984}.Release|Any CPU.Build.0 = Release|Any CPU
		{39071DB7-E15A-4A38-862A-B3E33B1A048F}.Debug|Any CPU.ActiveCfg = Debug|Any CPU
		{39071DB7-E15A-4A38-862A-B3E33B1A048F}.Debug|Any CPU.Build.0 = Debug|Any CPU
		{39071DB7-E15A-4A38-862A-B3E33B1A048F}.Release|Any CPU.ActiveCfg = Release|Any CPU
		{39071DB7-E15A-4A38-862A-B3E33B1A048F}.Release|Any CPU.Build.0 = Release|Any CPU
		{FD384810-9313-40BB-AEB2-A8372262B142}.Debug|Any CPU.ActiveCfg = Debug|Any CPU
		{FD384810-9313-40BB-AEB2-A8372262B142}.Debug|Any CPU.Build.0 = Debug|Any CPU
		{FD384810-9313-40BB-AEB2-A8372262B142}.Release|Any CPU.ActiveCfg = Release|Any CPU
		{FD384810-9313-40BB-AEB2-A8372262B142}.Release|Any CPU.Build.0 = Release|Any CPU
		{452B2D36-B2E5-41AC-AC37-E0B8682E0404}.Debug|Any CPU.ActiveCfg = Debug|Any CPU
		{452B2D36-B2E5-41AC-AC37-E0B8682E0404}.Debug|Any CPU.Build.0 = Debug|Any CPU
		{452B2D36-B2E5-41AC-AC37-E0B8682E0404}.Release|Any CPU.ActiveCfg = Release|Any CPU
		{452B2D36-B2E5-41AC-AC37-E0B8682E0404}.Release|Any CPU.Build.0 = Release|Any CPU
		{38064220-6D5B-448C-83FB-C6F4ACA2C069}.Debug|Any CPU.ActiveCfg = Debug|Any CPU
		{38064220-6D5B-448C-83FB-C6F4ACA2C069}.Debug|Any CPU.Build.0 = Debug|Any CPU
		{38064220-6D5B-448C-83FB-C6F4ACA2C069}.Release|Any CPU.ActiveCfg = Release|Any CPU
		{38064220-6D5B-448C-83FB-C6F4ACA2C069}.Release|Any CPU.Build.0 = Release|Any CPU
		{51B8D0DB-B39E-4D32-9D60-34EB535D5FE9}.Debug|Any CPU.ActiveCfg = Debug|Any CPU
		{51B8D0DB-B39E-4D32-9D60-34EB535D5FE9}.Debug|Any CPU.Build.0 = Debug|Any CPU
		{51B8D0DB-B39E-4D32-9D60-34EB535D5FE9}.Release|Any CPU.ActiveCfg = Release|Any CPU
		{51B8D0DB-B39E-4D32-9D60-34EB535D5FE9}.Release|Any CPU.Build.0 = Release|Any CPU
		{EA8F27E9-7303-4A82-B45B-E631CD797F73}.Debug|Any CPU.ActiveCfg = Debug|Any CPU
		{EA8F27E9-7303-4A82-B45B-E631CD797F73}.Debug|Any CPU.Build.0 = Debug|Any CPU
		{EA8F27E9-7303-4A82-B45B-E631CD797F73}.Release|Any CPU.ActiveCfg = Release|Any CPU
		{EA8F27E9-7303-4A82-B45B-E631CD797F73}.Release|Any CPU.Build.0 = Release|Any CPU
	EndGlobalSection
	GlobalSection(SolutionProperties) = preSolution
		HideSolutionNode = FALSE
	EndGlobalSection
	GlobalSection(ExtensibilityGlobals) = postSolution
		SolutionGuid = {0BA93BC0-7A65-4D8D-8D41-702809DDC7B9}
	EndGlobalSection
EndGlobal
