
Microsoft Visual Studio Solution File, Format Version 12.00
# Visual Studio 15
VisualStudioVersion = 15.0.27428.2037
MinimumVisualStudioVersion = 10.0.40219.1
Project("{FAE04EC0-301F-11D3-BF4B-00C04F79EFBC}") = "01.Math_Operations", "01.Math_Operations\01.Math_Operations.csproj", "{96EF7A82-1DA0-489C-A3CC-67EA0F6D834D}"
EndProject
Project("{FAE04EC0-301F-11D3-BF4B-00C04F79EFBC}") = "02.Animals", "02.Animals\02.Animals.csproj", "{9DC617C8-F29C-4C84-9AC8-D7E045C05432}"
EndProject
Project("{FAE04EC0-301F-11D3-BF4B-00C04F79EFBC}") = "03.Shapes", "03.Shapes\03.Shapes.csproj", "{7AA48615-8D79-472F-A314-C6DEC15400E8}"
EndProject
Global
	GlobalSection(SolutionConfigurationPlatforms) = preSolution
		Debug|Any CPU = Debug|Any CPU
		Release|Any CPU = Release|Any CPU
	EndGlobalSection
	GlobalSection(ProjectConfigurationPlatforms) = postSolution
		{96EF7A82-1DA0-489C-A3CC-67EA0F6D834D}.Debug|Any CPU.ActiveCfg = Debug|Any CPU
		{96EF7A82-1DA0-489C-A3CC-67EA0F6D834D}.Debug|Any CPU.Build.0 = Debug|Any CPU
		{96EF7A82-1DA0-489C-A3CC-67EA0F6D834D}.Release|Any CPU.ActiveCfg = Release|Any CPU
		{96EF7A82-1DA0-489C-A3CC-67EA0F6D834D}.Release|Any CPU.Build.0 = Release|Any CPU
		{9DC617C8-F29C-4C84-9AC8-D7E045C05432}.Debug|Any CPU.ActiveCfg = Debug|Any CPU
		{9DC617C8-F29C-4C84-9AC8-D7E045C05432}.Debug|Any CPU.Build.0 = Debug|Any CPU
		{9DC617C8-F29C-4C84-9AC8-D7E045C05432}.Release|Any CPU.ActiveCfg = Release|Any CPU
		{9DC617C8-F29C-4C84-9AC8-D7E045C05432}.Release|Any CPU.Build.0 = Release|Any CPU
		{7AA48615-8D79-472F-A314-C6DEC15400E8}.Debug|Any CPU.ActiveCfg = Debug|Any CPU
		{7AA48615-8D79-472F-A314-C6DEC15400E8}.Debug|Any CPU.Build.0 = Debug|Any CPU
		{7AA48615-8D79-472F-A314-C6DEC15400E8}.Release|Any CPU.ActiveCfg = Release|Any CPU
		{7AA48615-8D79-472F-A314-C6DEC15400E8}.Release|Any CPU.Build.0 = Release|Any CPU
	EndGlobalSection
	GlobalSection(SolutionProperties) = preSolution
		HideSolutionNode = FALSE
	EndGlobalSection
	GlobalSection(ExtensibilityGlobals) = postSolution
		SolutionGuid = {7312EE4E-70AA-4BF4-BC86-563831894A24}
	EndGlobalSection
EndGlobal
