
Microsoft Visual Studio Solution File, Format Version 12.00
# Visual Studio 15
VisualStudioVersion = 15.0.27428.2037
MinimumVisualStudioVersion = 10.0.40219.1
Project("{FAE04EC0-301F-11D3-BF4B-00C04F79EFBC}") = "01.Stealer", "01.Stealer\01.Stealer.csproj", "{DDA246B9-DD83-4DF2-A18D-6F150834A53A}"
EndProject
Project("{FAE04EC0-301F-11D3-BF4B-00C04F79EFBC}") = "02.High_Quality_Mistakes", "02.High_Quality_Mistakes\02.High_Quality_Mistakes.csproj", "{F38B3C1E-1B11-4743-858E-3E84DBFF4B0E}"
EndProject
Project("{FAE04EC0-301F-11D3-BF4B-00C04F79EFBC}") = "03.Mission_Private_Impossible", "03.Mission_Private_Impossible\03.Mission_Private_Impossible.csproj", "{4E3BBA14-48BF-492E-B2F9-0BDF577C34E0}"
EndProject
Project("{FAE04EC0-301F-11D3-BF4B-00C04F79EFBC}") = "04.Collector", "04.Collector\04.Collector.csproj", "{DD5AAB95-9614-4A21-A7AF-1CD5C259A16E}"
EndProject
Project("{FAE04EC0-301F-11D3-BF4B-00C04F79EFBC}") = "05.Create_Attribute", "05.Create_Attribute\05.Create_Attribute.csproj", "{CB1FDCEE-884C-478E-A23C-CE139F28FA0F}"
EndProject
Project("{FAE04EC0-301F-11D3-BF4B-00C04F79EFBC}") = "06.Code_Tracker", "06.Code_Tracker\06.Code_Tracker.csproj", "{80B1E2C4-08A3-4686-8E08-D865C38AE432}"
EndProject
Global
	GlobalSection(SolutionConfigurationPlatforms) = preSolution
		Debug|Any CPU = Debug|Any CPU
		Release|Any CPU = Release|Any CPU
	EndGlobalSection
	GlobalSection(ProjectConfigurationPlatforms) = postSolution
		{DDA246B9-DD83-4DF2-A18D-6F150834A53A}.Debug|Any CPU.ActiveCfg = Debug|Any CPU
		{DDA246B9-DD83-4DF2-A18D-6F150834A53A}.Debug|Any CPU.Build.0 = Debug|Any CPU
		{DDA246B9-DD83-4DF2-A18D-6F150834A53A}.Release|Any CPU.ActiveCfg = Release|Any CPU
		{DDA246B9-DD83-4DF2-A18D-6F150834A53A}.Release|Any CPU.Build.0 = Release|Any CPU
		{F38B3C1E-1B11-4743-858E-3E84DBFF4B0E}.Debug|Any CPU.ActiveCfg = Debug|Any CPU
		{F38B3C1E-1B11-4743-858E-3E84DBFF4B0E}.Debug|Any CPU.Build.0 = Debug|Any CPU
		{F38B3C1E-1B11-4743-858E-3E84DBFF4B0E}.Release|Any CPU.ActiveCfg = Release|Any CPU
		{F38B3C1E-1B11-4743-858E-3E84DBFF4B0E}.Release|Any CPU.Build.0 = Release|Any CPU
		{4E3BBA14-48BF-492E-B2F9-0BDF577C34E0}.Debug|Any CPU.ActiveCfg = Debug|Any CPU
		{4E3BBA14-48BF-492E-B2F9-0BDF577C34E0}.Debug|Any CPU.Build.0 = Debug|Any CPU
		{4E3BBA14-48BF-492E-B2F9-0BDF577C34E0}.Release|Any CPU.ActiveCfg = Release|Any CPU
		{4E3BBA14-48BF-492E-B2F9-0BDF577C34E0}.Release|Any CPU.Build.0 = Release|Any CPU
		{DD5AAB95-9614-4A21-A7AF-1CD5C259A16E}.Debug|Any CPU.ActiveCfg = Debug|Any CPU
		{DD5AAB95-9614-4A21-A7AF-1CD5C259A16E}.Debug|Any CPU.Build.0 = Debug|Any CPU
		{DD5AAB95-9614-4A21-A7AF-1CD5C259A16E}.Release|Any CPU.ActiveCfg = Release|Any CPU
		{DD5AAB95-9614-4A21-A7AF-1CD5C259A16E}.Release|Any CPU.Build.0 = Release|Any CPU
		{CB1FDCEE-884C-478E-A23C-CE139F28FA0F}.Debug|Any CPU.ActiveCfg = Debug|Any CPU
		{CB1FDCEE-884C-478E-A23C-CE139F28FA0F}.Debug|Any CPU.Build.0 = Debug|Any CPU
		{CB1FDCEE-884C-478E-A23C-CE139F28FA0F}.Release|Any CPU.ActiveCfg = Release|Any CPU
		{CB1FDCEE-884C-478E-A23C-CE139F28FA0F}.Release|Any CPU.Build.0 = Release|Any CPU
		{80B1E2C4-08A3-4686-8E08-D865C38AE432}.Debug|Any CPU.ActiveCfg = Debug|Any CPU
		{80B1E2C4-08A3-4686-8E08-D865C38AE432}.Debug|Any CPU.Build.0 = Debug|Any CPU
		{80B1E2C4-08A3-4686-8E08-D865C38AE432}.Release|Any CPU.ActiveCfg = Release|Any CPU
		{80B1E2C4-08A3-4686-8E08-D865C38AE432}.Release|Any CPU.Build.0 = Release|Any CPU
	EndGlobalSection
	GlobalSection(SolutionProperties) = preSolution
		HideSolutionNode = FALSE
	EndGlobalSection
	GlobalSection(ExtensibilityGlobals) = postSolution
		SolutionGuid = {EB8075B9-168F-464D-B731-1F83C9F2E556}
	EndGlobalSection
EndGlobal
